
Microsoft Visual Studio Solution File, Format Version 12.00
# Blend for Visual Studio Version 16
VisualStudioVersion = 16.0.30907.101
MinimumVisualStudioVersion = 10.0.40219.1
Project("{FAE04EC0-301F-11D3-BF4B-00C04F79EFBC}") = "RePKG-WPF", "RePKG-WPF\RePKG-WPF.csproj", "{DF59B504-B925-4838-97D7-A37585E15E12}"
EndProject
Global
	GlobalSection(SolutionConfigurationPlatforms) = preSolution
		Debug|Any CPU = Debug|Any CPU
		Release|Any CPU = Release|Any CPU
	EndGlobalSection
	GlobalSection(ProjectConfigurationPlatforms) = postSolution
		{DF59B504-B925-4838-97D7-A37585E15E12}.Debug|Any CPU.ActiveCfg = Debug|Any CPU
		{DF59B504-B925-4838-97D7-A37585E15E12}.Debug|Any CPU.Build.0 = Debug|Any CPU
		{DF59B504-B925-4838-97D7-A37585E15E12}.Release|Any CPU.ActiveCfg = Release|Any CPU
		{DF59B504-B925-4838-97D7-A37585E15E12}.Release|Any CPU.Build.0 = Release|Any CPU
	EndGlobalSection
	GlobalSection(SolutionProperties) = preSolution
		HideSolutionNode = FALSE
	EndGlobalSection
	GlobalSection(ExtensibilityGlobals) = postSolution
		SolutionGuid = {12E63294-9AA3-409F-8549-E493A479A566}
	EndGlobalSection
EndGlobal
